
Microsoft Visual Studio Solution File, Format Version 12.00
# Visual Studio 15
VisualStudioVersion = 15.0.28307.902
MinimumVisualStudioVersion = 10.0.40219.1
Project("{FAE04EC0-301F-11D3-BF4B-00C04F79EFBC}") = "MVC1", "MVC1\MVC1.csproj", "{299C469C-7C55-4DAB-9DDB-89EC7585EF7A}"
EndProject
Project("{FAE04EC0-301F-11D3-BF4B-00C04F79EFBC}") = "WebAPI", "WebAPI\WebAPI.csproj", "{BA01B6FE-9B90-48D4-B743-53375B78C1DC}"
EndProject
Global
	GlobalSection(SolutionConfigurationPlatforms) = preSolution
		Debug|Any CPU = Debug|Any CPU
		Release|Any CPU = Release|Any CPU
	EndGlobalSection
	GlobalSection(ProjectConfigurationPlatforms) = postSolution
		{299C469C-7C55-4DAB-9DDB-89EC7585EF7A}.Debug|Any CPU.ActiveCfg = Debug|Any CPU
		{299C469C-7C55-4DAB-9DDB-89EC7585EF7A}.Debug|Any CPU.Build.0 = Debug|Any CPU
		{299C469C-7C55-4DAB-9DDB-89EC7585EF7A}.Release|Any CPU.ActiveCfg = Release|Any CPU
		{299C469C-7C55-4DAB-9DDB-89EC7585EF7A}.Release|Any CPU.Build.0 = Release|Any CPU
		{BA01B6FE-9B90-48D4-B743-53375B78C1DC}.Debug|Any CPU.ActiveCfg = Debug|Any CPU
		{BA01B6FE-9B90-48D4-B743-53375B78C1DC}.Debug|Any CPU.Build.0 = Debug|Any CPU
		{BA01B6FE-9B90-48D4-B743-53375B78C1DC}.Release|Any CPU.ActiveCfg = Release|Any CPU
		{BA01B6FE-9B90-48D4-B743-53375B78C1DC}.Release|Any CPU.Build.0 = Release|Any CPU
	EndGlobalSection
	GlobalSection(SolutionProperties) = preSolution
		HideSolutionNode = FALSE
	EndGlobalSection
	GlobalSection(ExtensibilityGlobals) = postSolution
		SolutionGuid = {F7F7F43D-C406-45C9-8DBB-EC8BE764A1F5}
	EndGlobalSection
EndGlobal
